
Microsoft Visual Studio Solution File, Format Version 12.00
# Visual Studio Version 16
VisualStudioVersion = 16.0.30002.166
MinimumVisualStudioVersion = 10.0.40219.1
Project("{FAE04EC0-301F-11D3-BF4B-00C04F79EFBC}") = "tpSamouraiv2", "tpSamouraiv2\tpSamouraiv2.csproj", "{AB8624AD-1147-4C2B-A581-6512DE92915D}"
EndProject
Project("{FAE04EC0-301F-11D3-BF4B-00C04F79EFBC}") = "BO", "..\..\..\Downloads\Cours 250 - Module 6\Cours 250 - Module 6\Module 06 - Énoncé TP 01 - Le Dojo – partie 1\Ressources Module 06 - Enoncé TP 01\BO.csproj", "{0BBA0441-0AB7-4112-946B-521C9CEC7367}"
EndProject
Global
	GlobalSection(SolutionConfigurationPlatforms) = preSolution
		Debug|Any CPU = Debug|Any CPU
		Release|Any CPU = Release|Any CPU
	EndGlobalSection
	GlobalSection(ProjectConfigurationPlatforms) = postSolution
		{AB8624AD-1147-4C2B-A581-6512DE92915D}.Debug|Any CPU.ActiveCfg = Debug|Any CPU
		{AB8624AD-1147-4C2B-A581-6512DE92915D}.Debug|Any CPU.Build.0 = Debug|Any CPU
		{AB8624AD-1147-4C2B-A581-6512DE92915D}.Release|Any CPU.ActiveCfg = Release|Any CPU
		{AB8624AD-1147-4C2B-A581-6512DE92915D}.Release|Any CPU.Build.0 = Release|Any CPU
		{0BBA0441-0AB7-4112-946B-521C9CEC7367}.Debug|Any CPU.ActiveCfg = Debug|Any CPU
		{0BBA0441-0AB7-4112-946B-521C9CEC7367}.Debug|Any CPU.Build.0 = Debug|Any CPU
		{0BBA0441-0AB7-4112-946B-521C9CEC7367}.Release|Any CPU.ActiveCfg = Release|Any CPU
		{0BBA0441-0AB7-4112-946B-521C9CEC7367}.Release|Any CPU.Build.0 = Release|Any CPU
	EndGlobalSection
	GlobalSection(SolutionProperties) = preSolution
		HideSolutionNode = FALSE
	EndGlobalSection
	GlobalSection(ExtensibilityGlobals) = postSolution
		SolutionGuid = {2CEFF2D1-D6E1-4200-B2A7-E933F1CFB81D}
	EndGlobalSection
EndGlobal
